
Microsoft Visual Studio Solution File, Format Version 12.00
# Visual Studio 15
VisualStudioVersion = 15.0.28307.271
MinimumVisualStudioVersion = 10.0.40219.1
Project("{FAE04EC0-301F-11D3-BF4B-00C04F79EFBC}") = "MyService", "MyService\MyService.csproj", "{39716C9B-C950-431C-8F7A-D5A417E3C473}"
EndProject
Global
	GlobalSection(SolutionConfigurationPlatforms) = preSolution
		Debug|Any CPU = Debug|Any CPU
		Release|Any CPU = Release|Any CPU
	EndGlobalSection
	GlobalSection(ProjectConfigurationPlatforms) = postSolution
		{39716C9B-C950-431C-8F7A-D5A417E3C473}.Debug|Any CPU.ActiveCfg = Debug|Any CPU
		{39716C9B-C950-431C-8F7A-D5A417E3C473}.Debug|Any CPU.Build.0 = Debug|Any CPU
		{39716C9B-C950-431C-8F7A-D5A417E3C473}.Release|Any CPU.ActiveCfg = Release|Any CPU
		{39716C9B-C950-431C-8F7A-D5A417E3C473}.Release|Any CPU.Build.0 = Release|Any CPU
	EndGlobalSection
	GlobalSection(SolutionProperties) = preSolution
		HideSolutionNode = FALSE
	EndGlobalSection
	GlobalSection(ExtensibilityGlobals) = postSolution
		SolutionGuid = {549C136E-6D2E-4B6D-B620-D609C160F5BA}
	EndGlobalSection
EndGlobal
